
Microsoft Visual Studio Solution File, Format Version 12.00
# Visual Studio 2012
Project("{FAE04EC0-301F-11D3-BF4B-00C04F79EFBC}") = "ConsoleApp", "ConsoleApp\ConsoleApp.csproj", "{4EDBFD21-CA5D-4F69-982A-AA7F43178244}"
EndProject
Project("{FAE04EC0-301F-11D3-BF4B-00C04F79EFBC}") = "PresentLibrary", "PresentLibrary\PresentLibrary.csproj", "{EBF45D92-7729-4C4F-BC30-53DBD70DA4D6}"
EndProject
Global
	GlobalSection(SolutionConfigurationPlatforms) = preSolution
		Debug|Any CPU = Debug|Any CPU
		Release|Any CPU = Release|Any CPU
	EndGlobalSection
	GlobalSection(ProjectConfigurationPlatforms) = postSolution
		{4EDBFD21-CA5D-4F69-982A-AA7F43178244}.Debug|Any CPU.ActiveCfg = Debug|Any CPU
		{4EDBFD21-CA5D-4F69-982A-AA7F43178244}.Debug|Any CPU.Build.0 = Debug|Any CPU
		{4EDBFD21-CA5D-4F69-982A-AA7F43178244}.Release|Any CPU.ActiveCfg = Release|Any CPU
		{4EDBFD21-CA5D-4F69-982A-AA7F43178244}.Release|Any CPU.Build.0 = Release|Any CPU
		{EBF45D92-7729-4C4F-BC30-53DBD70DA4D6}.Debug|Any CPU.ActiveCfg = Debug|Any CPU
		{EBF45D92-7729-4C4F-BC30-53DBD70DA4D6}.Debug|Any CPU.Build.0 = Debug|Any CPU
		{EBF45D92-7729-4C4F-BC30-53DBD70DA4D6}.Release|Any CPU.ActiveCfg = Release|Any CPU
		{EBF45D92-7729-4C4F-BC30-53DBD70DA4D6}.Release|Any CPU.Build.0 = Release|Any CPU
	EndGlobalSection
	GlobalSection(SolutionProperties) = preSolution
		HideSolutionNode = FALSE
	EndGlobalSection
EndGlobal
