
Microsoft Visual Studio Solution File, Format Version 12.00
# Visual Studio Version 16
VisualStudioVersion = 16.0.29519.87
MinimumVisualStudioVersion = 10.0.40219.1
Project("{FAE04EC0-301F-11D3-BF4B-00C04F79EFBC}") = "SimplifiedATS", "SimplifiedATS\SimplifiedATS.csproj", "{5AB6E0B7-36AF-4C18-995F-C9DFD131C1C9}"
EndProject
Global
	GlobalSection(SolutionConfigurationPlatforms) = preSolution
		Debug|Any CPU = Debug|Any CPU
		Release|Any CPU = Release|Any CPU
	EndGlobalSection
	GlobalSection(ProjectConfigurationPlatforms) = postSolution
		{5AB6E0B7-36AF-4C18-995F-C9DFD131C1C9}.Debug|Any CPU.ActiveCfg = Debug|Any CPU
		{5AB6E0B7-36AF-4C18-995F-C9DFD131C1C9}.Debug|Any CPU.Build.0 = Debug|Any CPU
		{5AB6E0B7-36AF-4C18-995F-C9DFD131C1C9}.Release|Any CPU.ActiveCfg = Release|Any CPU
		{5AB6E0B7-36AF-4C18-995F-C9DFD131C1C9}.Release|Any CPU.Build.0 = Release|Any CPU
	EndGlobalSection
	GlobalSection(SolutionProperties) = preSolution
		HideSolutionNode = FALSE
	EndGlobalSection
	GlobalSection(ExtensibilityGlobals) = postSolution
		SolutionGuid = {43054B53-1D4E-40FE-A1F3-09C2E81AAE0E}
	EndGlobalSection
EndGlobal
