
Microsoft Visual Studio Solution File, Format Version 12.00
# Visual Studio Version 16
VisualStudioVersion = 16.0.29519.181
MinimumVisualStudioVersion = 10.0.40219.1
Project("{FAE04EC0-301F-11D3-BF4B-00C04F79EFBC}") = "SalesAppConsole", "SalesAppConsole\SalesAppConsole.csproj", "{40014A6E-593D-461D-BB87-CB859A7B11AE}"
EndProject
Project("{FAE04EC0-301F-11D3-BF4B-00C04F79EFBC}") = "SalesApp.BL", "BL.SalesApp\SalesApp.BL.csproj", "{7B47B0AC-A7E9-46C5-8127-73C03E053DE4}"
EndProject
Project("{FAE04EC0-301F-11D3-BF4B-00C04F79EFBC}") = "SalesApp.DAL", "DAL.SalesApp\SalesApp.DAL.csproj", "{1633D18C-6071-4F5C-85FA-679EF02335AB}"
EndProject
Global
	GlobalSection(SolutionConfigurationPlatforms) = preSolution
		Debug|Any CPU = Debug|Any CPU
		Release|Any CPU = Release|Any CPU
	EndGlobalSection
	GlobalSection(ProjectConfigurationPlatforms) = postSolution
		{40014A6E-593D-461D-BB87-CB859A7B11AE}.Debug|Any CPU.ActiveCfg = Debug|Any CPU
		{40014A6E-593D-461D-BB87-CB859A7B11AE}.Debug|Any CPU.Build.0 = Debug|Any CPU
		{40014A6E-593D-461D-BB87-CB859A7B11AE}.Release|Any CPU.ActiveCfg = Release|Any CPU
		{40014A6E-593D-461D-BB87-CB859A7B11AE}.Release|Any CPU.Build.0 = Release|Any CPU
		{7B47B0AC-A7E9-46C5-8127-73C03E053DE4}.Debug|Any CPU.ActiveCfg = Debug|Any CPU
		{7B47B0AC-A7E9-46C5-8127-73C03E053DE4}.Debug|Any CPU.Build.0 = Debug|Any CPU
		{7B47B0AC-A7E9-46C5-8127-73C03E053DE4}.Release|Any CPU.ActiveCfg = Release|Any CPU
		{7B47B0AC-A7E9-46C5-8127-73C03E053DE4}.Release|Any CPU.Build.0 = Release|Any CPU
		{1633D18C-6071-4F5C-85FA-679EF02335AB}.Debug|Any CPU.ActiveCfg = Debug|Any CPU
		{1633D18C-6071-4F5C-85FA-679EF02335AB}.Debug|Any CPU.Build.0 = Debug|Any CPU
		{1633D18C-6071-4F5C-85FA-679EF02335AB}.Release|Any CPU.ActiveCfg = Release|Any CPU
		{1633D18C-6071-4F5C-85FA-679EF02335AB}.Release|Any CPU.Build.0 = Release|Any CPU
	EndGlobalSection
	GlobalSection(SolutionProperties) = preSolution
		HideSolutionNode = FALSE
	EndGlobalSection
	GlobalSection(ExtensibilityGlobals) = postSolution
		SolutionGuid = {DB68EDA8-B8D4-4A15-AC24-389D08E2BC00}
	EndGlobalSection
EndGlobal
